
Microsoft Visual Studio Solution File, Format Version 12.00
# Visual Studio Version 17
VisualStudioVersion = 17.4.33403.182
MinimumVisualStudioVersion = 10.0.40219.1
Project("{FAE04EC0-301F-11D3-BF4B-00C04F79EFBC}") = "MediatRDemoAPI", "MediatRDemoAPI\MediatRDemoAPI.csproj", "{0A73FE41-C538-4154-9B3E-DD40DF06DF86}"
EndProject
Project("{FAE04EC0-301F-11D3-BF4B-00C04F79EFBC}") = "DemoLibrary", "DemoLibrary\DemoLibrary.csproj", "{578F378C-6FA3-46F8-9544-B371BD70D79C}"
EndProject
Global
	GlobalSection(SolutionConfigurationPlatforms) = preSolution
		Debug|Any CPU = Debug|Any CPU
		Release|Any CPU = Release|Any CPU
	EndGlobalSection
	GlobalSection(ProjectConfigurationPlatforms) = postSolution
		{0A73FE41-C538-4154-9B3E-DD40DF06DF86}.Debug|Any CPU.ActiveCfg = Debug|Any CPU
		{0A73FE41-C538-4154-9B3E-DD40DF06DF86}.Debug|Any CPU.Build.0 = Debug|Any CPU
		{0A73FE41-C538-4154-9B3E-DD40DF06DF86}.Release|Any CPU.ActiveCfg = Release|Any CPU
		{0A73FE41-C538-4154-9B3E-DD40DF06DF86}.Release|Any CPU.Build.0 = Release|Any CPU
		{578F378C-6FA3-46F8-9544-B371BD70D79C}.Debug|Any CPU.ActiveCfg = Debug|Any CPU
		{578F378C-6FA3-46F8-9544-B371BD70D79C}.Debug|Any CPU.Build.0 = Debug|Any CPU
		{578F378C-6FA3-46F8-9544-B371BD70D79C}.Release|Any CPU.ActiveCfg = Release|Any CPU
		{578F378C-6FA3-46F8-9544-B371BD70D79C}.Release|Any CPU.Build.0 = Release|Any CPU
	EndGlobalSection
	GlobalSection(SolutionProperties) = preSolution
		HideSolutionNode = FALSE
	EndGlobalSection
	GlobalSection(ExtensibilityGlobals) = postSolution
		SolutionGuid = {CFAACC11-2D97-49A0-8BBC-72D0C0085531}
	EndGlobalSection
EndGlobal
